
Microsoft Visual Studio Solution File, Format Version 12.00
Project("{FAE04EC0-301F-11D3-BF4B-00C04F79EFBC}") = "Orbitarium-Display-API", "Orbitarium-Display-API\Orbitarium-Display-API.csproj", "{4C86C255-BF9B-4F0D-BE1C-935A267C1AE6}"
EndProject
Global
	GlobalSection(SolutionConfigurationPlatforms) = preSolution
		Debug|Any CPU = Debug|Any CPU
		Release|Any CPU = Release|Any CPU
	EndGlobalSection
	GlobalSection(ProjectConfigurationPlatforms) = postSolution
		{4C86C255-BF9B-4F0D-BE1C-935A267C1AE6}.Debug|Any CPU.ActiveCfg = Debug|Any CPU
		{4C86C255-BF9B-4F0D-BE1C-935A267C1AE6}.Debug|Any CPU.Build.0 = Debug|Any CPU
		{4C86C255-BF9B-4F0D-BE1C-935A267C1AE6}.Release|Any CPU.ActiveCfg = Release|Any CPU
		{4C86C255-BF9B-4F0D-BE1C-935A267C1AE6}.Release|Any CPU.Build.0 = Release|Any CPU
	EndGlobalSection
EndGlobal
